
Microsoft Visual Studio Solution File, Format Version 12.00
# Visual Studio 15
VisualStudioVersion = 15.0.28307.1259
MinimumVisualStudioVersion = 10.0.40219.1
Project("{8BC9CEB8-8B4A-11D0-8D11-00A0C91BC942}") = "asm_chall", "asm_chall\asm_chall.vcxproj", "{A8044587-9CB0-4ECB-906B-86651CA66CEF}"
EndProject
Global
	GlobalSection(SolutionConfigurationPlatforms) = preSolution
		Debug|x64 = Debug|x64
		Debug|x86 = Debug|x86
		Release|x64 = Release|x64
		Release|x86 = Release|x86
	EndGlobalSection
	GlobalSection(ProjectConfigurationPlatforms) = postSolution
		{A8044587-9CB0-4ECB-906B-86651CA66CEF}.Debug|x64.ActiveCfg = Debug|x64
		{A8044587-9CB0-4ECB-906B-86651CA66CEF}.Debug|x64.Build.0 = Debug|x64
		{A8044587-9CB0-4ECB-906B-86651CA66CEF}.Debug|x86.ActiveCfg = Debug|Win32
		{A8044587-9CB0-4ECB-906B-86651CA66CEF}.Debug|x86.Build.0 = Debug|Win32
		{A8044587-9CB0-4ECB-906B-86651CA66CEF}.Release|x64.ActiveCfg = Release|x64
		{A8044587-9CB0-4ECB-906B-86651CA66CEF}.Release|x64.Build.0 = Release|x64
		{A8044587-9CB0-4ECB-906B-86651CA66CEF}.Release|x86.ActiveCfg = Release|Win32
		{A8044587-9CB0-4ECB-906B-86651CA66CEF}.Release|x86.Build.0 = Release|Win32
	EndGlobalSection
	GlobalSection(SolutionProperties) = preSolution
		HideSolutionNode = FALSE
	EndGlobalSection
	GlobalSection(ExtensibilityGlobals) = postSolution
		SolutionGuid = {74B5FCA2-0593-47DD-9B24-AF911C0683B1}
	EndGlobalSection
EndGlobal
